
Microsoft Visual Studio Solution File, Format Version 12.00
# Visual Studio 2013
VisualStudioVersion = 12.0.21005.1
MinimumVisualStudioVersion = 10.0.40219.1
Project("{8BC9CEB8-8B4A-11D0-8D11-00A0C91BC942}") = "test_10_23_4", "test_10_23_4\test_10_23_4.vcxproj", "{E55DB60B-0CC4-49CE-A3B0-15D4C9F7A8AF}"
EndProject
Global
	GlobalSection(SolutionConfigurationPlatforms) = preSolution
		Debug|Win32 = Debug|Win32
		Release|Win32 = Release|Win32
	EndGlobalSection
	GlobalSection(ProjectConfigurationPlatforms) = postSolution
		{E55DB60B-0CC4-49CE-A3B0-15D4C9F7A8AF}.Debug|Win32.ActiveCfg = Debug|Win32
		{E55DB60B-0CC4-49CE-A3B0-15D4C9F7A8AF}.Debug|Win32.Build.0 = Debug|Win32
		{E55DB60B-0CC4-49CE-A3B0-15D4C9F7A8AF}.Release|Win32.ActiveCfg = Release|Win32
		{E55DB60B-0CC4-49CE-A3B0-15D4C9F7A8AF}.Release|Win32.Build.0 = Release|Win32
	EndGlobalSection
	GlobalSection(SolutionProperties) = preSolution
		HideSolutionNode = FALSE
	EndGlobalSection
EndGlobal
