
Microsoft Visual Studio Solution File, Format Version 12.00
# Visual Studio 2012
Project("{8BC9CEB8-8B4A-11D0-8D11-00A0C91BC942}") = "text_10_2_2", "text_10_2_2\text_10_2_2.vcxproj", "{271ADED2-3883-4C6C-AB75-783C0CF1D2D0}"
EndProject
Global
	GlobalSection(SolutionConfigurationPlatforms) = preSolution
		Debug|Win32 = Debug|Win32
		Release|Win32 = Release|Win32
	EndGlobalSection
	GlobalSection(ProjectConfigurationPlatforms) = postSolution
		{271ADED2-3883-4C6C-AB75-783C0CF1D2D0}.Debug|Win32.ActiveCfg = Debug|Win32
		{271ADED2-3883-4C6C-AB75-783C0CF1D2D0}.Debug|Win32.Build.0 = Debug|Win32
		{271ADED2-3883-4C6C-AB75-783C0CF1D2D0}.Release|Win32.ActiveCfg = Release|Win32
		{271ADED2-3883-4C6C-AB75-783C0CF1D2D0}.Release|Win32.Build.0 = Release|Win32
	EndGlobalSection
	GlobalSection(SolutionProperties) = preSolution
		HideSolutionNode = FALSE
	EndGlobalSection
EndGlobal
