
Microsoft Visual Studio Solution File, Format Version 12.00
# Visual Studio 2012
Project("{8BC9CEB8-8B4A-11D0-8D11-00A0C91BC942}") = "text_10_5_2", "text_10_5_2\text_10_5_2.vcxproj", "{089E3CE4-47E1-4751-8299-DB5273ADADAD}"
EndProject
Global
	GlobalSection(SolutionConfigurationPlatforms) = preSolution
		Debug|Win32 = Debug|Win32
		Release|Win32 = Release|Win32
	EndGlobalSection
	GlobalSection(ProjectConfigurationPlatforms) = postSolution
		{089E3CE4-47E1-4751-8299-DB5273ADADAD}.Debug|Win32.ActiveCfg = Debug|Win32
		{089E3CE4-47E1-4751-8299-DB5273ADADAD}.Debug|Win32.Build.0 = Debug|Win32
		{089E3CE4-47E1-4751-8299-DB5273ADADAD}.Release|Win32.ActiveCfg = Release|Win32
		{089E3CE4-47E1-4751-8299-DB5273ADADAD}.Release|Win32.Build.0 = Release|Win32
	EndGlobalSection
	GlobalSection(SolutionProperties) = preSolution
		HideSolutionNode = FALSE
	EndGlobalSection
EndGlobal
